
Microsoft Visual Studio Solution File, Format Version 12.00
# Visual Studio Version 16
VisualStudioVersion = 16.0.30517.126
MinimumVisualStudioVersion = 10.0.40219.1
Project("{FAE04EC0-301F-11D3-BF4B-00C04F79EFBC}") = "StartingExample", "StartingExample\StartingExample.csproj", "{08A4265C-1EAA-4881-B279-26854472575F}"
EndProject
Global
	GlobalSection(SolutionConfigurationPlatforms) = preSolution
		Debug|Any CPU = Debug|Any CPU
		Release|Any CPU = Release|Any CPU
	EndGlobalSection
	GlobalSection(ProjectConfigurationPlatforms) = postSolution
		{08A4265C-1EAA-4881-B279-26854472575F}.Debug|Any CPU.ActiveCfg = Debug|Any CPU
		{08A4265C-1EAA-4881-B279-26854472575F}.Debug|Any CPU.Build.0 = Debug|Any CPU
		{08A4265C-1EAA-4881-B279-26854472575F}.Release|Any CPU.ActiveCfg = Release|Any CPU
		{08A4265C-1EAA-4881-B279-26854472575F}.Release|Any CPU.Build.0 = Release|Any CPU
	EndGlobalSection
	GlobalSection(SolutionProperties) = preSolution
		HideSolutionNode = FALSE
	EndGlobalSection
	GlobalSection(ExtensibilityGlobals) = postSolution
		SolutionGuid = {CC136BD1-6A58-4273-84D0-51216AC7667A}
	EndGlobalSection
EndGlobal
