
Microsoft Visual Studio Solution File, Format Version 12.00
# Visual Studio Version 16
VisualStudioVersion = 16.0.30517.126
MinimumVisualStudioVersion = 10.0.40219.1
Project("{F184B08F-C81C-45F6-A57F-5ABD9991F28F}") = "CSharpTut", "CSharpTut\CSharpTut.vbproj", "{AB8C97F9-DA49-4104-ABE1-1E002D88D0CB}"
EndProject
Global
	GlobalSection(SolutionConfigurationPlatforms) = preSolution
		Debug|Any CPU = Debug|Any CPU
		Release|Any CPU = Release|Any CPU
	EndGlobalSection
	GlobalSection(ProjectConfigurationPlatforms) = postSolution
		{AB8C97F9-DA49-4104-ABE1-1E002D88D0CB}.Debug|Any CPU.ActiveCfg = Debug|Any CPU
		{AB8C97F9-DA49-4104-ABE1-1E002D88D0CB}.Debug|Any CPU.Build.0 = Debug|Any CPU
		{AB8C97F9-DA49-4104-ABE1-1E002D88D0CB}.Release|Any CPU.ActiveCfg = Release|Any CPU
		{AB8C97F9-DA49-4104-ABE1-1E002D88D0CB}.Release|Any CPU.Build.0 = Release|Any CPU
	EndGlobalSection
	GlobalSection(SolutionProperties) = preSolution
		HideSolutionNode = FALSE
	EndGlobalSection
	GlobalSection(ExtensibilityGlobals) = postSolution
		SolutionGuid = {1A7DDBB9-1293-4C42-A9D6-6B67DDA673C1}
	EndGlobalSection
EndGlobal
