
Microsoft Visual Studio Solution File, Format Version 12.00
# Visual Studio Version 16
VisualStudioVersion = 16.0.30517.126
MinimumVisualStudioVersion = 10.0.40219.1
Project("{FAE04EC0-301F-11D3-BF4B-00C04F79EFBC}") = "HelloWorldProgram", "HelloWorldProgram\HelloWorldProgram.csproj", "{F7D214F7-E95E-41D6-9BB1-8575AE76425F}"
EndProject
Global
	GlobalSection(SolutionConfigurationPlatforms) = preSolution
		Debug|Any CPU = Debug|Any CPU
		Release|Any CPU = Release|Any CPU
	EndGlobalSection
	GlobalSection(ProjectConfigurationPlatforms) = postSolution
		{F7D214F7-E95E-41D6-9BB1-8575AE76425F}.Debug|Any CPU.ActiveCfg = Debug|Any CPU
		{F7D214F7-E95E-41D6-9BB1-8575AE76425F}.Debug|Any CPU.Build.0 = Debug|Any CPU
		{F7D214F7-E95E-41D6-9BB1-8575AE76425F}.Release|Any CPU.ActiveCfg = Release|Any CPU
		{F7D214F7-E95E-41D6-9BB1-8575AE76425F}.Release|Any CPU.Build.0 = Release|Any CPU
	EndGlobalSection
	GlobalSection(SolutionProperties) = preSolution
		HideSolutionNode = FALSE
	EndGlobalSection
	GlobalSection(ExtensibilityGlobals) = postSolution
		SolutionGuid = {4606C8A4-32CA-4069-A0E2-B1B91F831EBC}
	EndGlobalSection
EndGlobal
